
Microsoft Visual Studio Solution File, Format Version 12.00
# Visual Studio Version 17
VisualStudioVersion = 17.10.34916.146
MinimumVisualStudioVersion = 10.0.40219.1
Project("{FAE04EC0-301F-11D3-BF4B-00C04F79EFBC}") = "PruebaIntegracionFacturas", "PruebaIntegracionFacturas.csproj", "{81165C7C-66DD-4BB8-942E-5CE3C3143167}"
EndProject
Global
	GlobalSection(SolutionConfigurationPlatforms) = preSolution
		Debug|Any CPU = Debug|Any CPU
		Release|Any CPU = Release|Any CPU
	EndGlobalSection
	GlobalSection(ProjectConfigurationPlatforms) = postSolution
		{81165C7C-66DD-4BB8-942E-5CE3C3143167}.Debug|Any CPU.ActiveCfg = Debug|Any CPU
		{81165C7C-66DD-4BB8-942E-5CE3C3143167}.Debug|Any CPU.Build.0 = Debug|Any CPU
		{81165C7C-66DD-4BB8-942E-5CE3C3143167}.Release|Any CPU.ActiveCfg = Release|Any CPU
		{81165C7C-66DD-4BB8-942E-5CE3C3143167}.Release|Any CPU.Build.0 = Release|Any CPU
	EndGlobalSection
	GlobalSection(SolutionProperties) = preSolution
		HideSolutionNode = FALSE
	EndGlobalSection
	GlobalSection(ExtensibilityGlobals) = postSolution
		SolutionGuid = {5AD7CF71-D4C8-4C03-AFA1-8D7AA5CF23E9}
	EndGlobalSection
EndGlobal
